// !$*UTF8*$!
{
	archiveVersion = 1;
	classes = {
	};
	objectVersion = 46;
	objects = {

/* Begin PBXBuildFile section */
		1F26FFFEF961895E0BFFDC80 /* libPods-iOS-switch-map.a in Frameworks */ = {isa = PBXBuildFile; fileRef = 493C93C09C65B48EFBCF950A /* libPods-iOS-switch-map.a */; };
		55206E454A1506D52E5144CE /* libPods-iOS-switch-map-swift.a in Frameworks */ = {isa = PBXBuildFile; fileRef = 30C0DA1A9A82BBCC6AB64E6B /* libPods-iOS-switch-map-swift.a */; };
		B62F686C1DE53F730060FED8 /* main.m in Sources */ = {isa = PBXBuildFile; fileRef = B62F686B1DE53F730060FED8 /* main.m */; };
		B62F686F1DE53F730060FED8 /* AppDelegate.m in Sources */ = {isa = PBXBuildFile; fileRef = B62F686E1DE53F730060FED8 /* AppDelegate.m */; };
		B62F68721DE53F730060FED8 /* ViewController.m in Sources */ = {isa = PBXBuildFile; fileRef = B62F68711DE53F730060FED8 /* ViewController.m */; };
		B62F68751DE53F730060FED8 /* Main.storyboard in Resources */ = {isa = PBXBuildFile; fileRef = B62F68731DE53F730060FED8 /* Main.storyboard */; };
		B62F68771DE53F730060FED8 /* Assets.xcassets in Resources */ = {isa = PBXBuildFile; fileRef = B62F68761DE53F730060FED8 /* Assets.xcassets */; };
		B62F687A1DE53F730060FED8 /* LaunchScreen.storyboard in Resources */ = {isa = PBXBuildFile; fileRef = B62F68781DE53F730060FED8 /* LaunchScreen.storyboard */; };
		B62F68821DE541820060FED8 /* MapKit.framework in Frameworks */ = {isa = PBXBuildFile; fileRef = B62F68811DE541810060FED8 /* MapKit.framework */; };
		B66EF0BB1E03862600236C3C /* AppDelegate.swift in Sources */ = {isa = PBXBuildFile; fileRef = B66EF0BA1E03862600236C3C /* AppDelegate.swift */; };
		B66EF0BD1E03862600236C3C /* ViewController.swift in Sources */ = {isa = PBXBuildFile; fileRef = B66EF0BC1E03862600236C3C /* ViewController.swift */; };
		B66EF0C01E03862600236C3C /* Main.storyboard in Resources */ = {isa = PBXBuildFile; fileRef = B66EF0BE1E03862600236C3C /* Main.storyboard */; };
		B66EF0C21E03862600236C3C /* Assets.xcassets in Resources */ = {isa = PBXBuildFile; fileRef = B66EF0C11E03862600236C3C /* Assets.xcassets */; };
		B66EF0C51E03862600236C3C /* LaunchScreen.storyboard in Resources */ = {isa = PBXBuildFile; fileRef = B66EF0C31E03862600236C3C /* LaunchScreen.storyboard */; };
		D99D749C1E2E116A000D48AE /* MAMapUITestHelper.m in Sources */ = {isa = PBXBuildFile; fileRef = D99D749B1E2E116A000D48AE /* MAMapUITestHelper.m */; };
		D9F65C101E2E0D41002BBD5C /* iOS_switch_mapUITests.m in Sources */ = {isa = PBXBuildFile; fileRef = D9F65C0F1E2E0D41002BBD5C /* iOS_switch_mapUITests.m */; };
/* End PBXBuildFile section */

/* Begin PBXContainerItemProxy section */
		D9F65C121E2E0D41002BBD5C /* PBXContainerItemProxy */ = {
			isa = PBXContainerItemProxy;
			containerPortal = B62F685F1DE53F730060FED8 /* Project object */;
			proxyType = 1;
			remoteGlobalIDString = B62F68661DE53F730060FED8;
			remoteInfo = "iOS-switch-map";
		};
/* End PBXContainerItemProxy section */

/* Begin PBXFileReference section */
		177A0B2F1C0D6D4D5C03D79C /* Pods-iOS-switch-map-swift.debug.xcconfig */ = {isa = PBXFileReference; includeInIndex = 1; lastKnownFileType = text.xcconfig; name = "Pods-iOS-switch-map-swift.debug.xcconfig"; path = "Pods/Target Support Files/Pods-iOS-switch-map-swift/Pods-iOS-switch-map-swift.debug.xcconfig"; sourceTree = "<group>"; };
		2614F920741619B2E5326C2C /* Pods-iOS-switch-map.release.xcconfig */ = {isa = PBXFileReference; includeInIndex = 1; lastKnownFileType = text.xcconfig; name = "Pods-iOS-switch-map.release.xcconfig"; path = "Pods/Target Support Files/Pods-iOS-switch-map/Pods-iOS-switch-map.release.xcconfig"; sourceTree = "<group>"; };
		30C0DA1A9A82BBCC6AB64E6B /* libPods-iOS-switch-map-swift.a */ = {isa = PBXFileReference; explicitFileType = archive.ar; includeInIndex = 0; path = "libPods-iOS-switch-map-swift.a"; sourceTree = BUILT_PRODUCTS_DIR; };
		3F76DA15776A140AEC18667A /* Pods-iOS-switch-map-swift.release.xcconfig */ = {isa = PBXFileReference; includeInIndex = 1; lastKnownFileType = text.xcconfig; name = "Pods-iOS-switch-map-swift.release.xcconfig"; path = "Pods/Target Support Files/Pods-iOS-switch-map-swift/Pods-iOS-switch-map-swift.release.xcconfig"; sourceTree = "<group>"; };
		493C93C09C65B48EFBCF950A /* libPods-iOS-switch-map.a */ = {isa = PBXFileReference; explicitFileType = archive.ar; includeInIndex = 0; path = "libPods-iOS-switch-map.a"; sourceTree = BUILT_PRODUCTS_DIR; };
		5A0A201C3B5267618DAFC650 /* Pods-iOS-switch-map.debug.xcconfig */ = {isa = PBXFileReference; includeInIndex = 1; lastKnownFileType = text.xcconfig; name = "Pods-iOS-switch-map.debug.xcconfig"; path = "Pods/Target Support Files/Pods-iOS-switch-map/Pods-iOS-switch-map.debug.xcconfig"; sourceTree = "<group>"; };
		B62F68671DE53F730060FED8 /* iOS-switch-map.app */ = {isa = PBXFileReference; explicitFileType = wrapper.application; includeInIndex = 0; path = "iOS-switch-map.app"; sourceTree = BUILT_PRODUCTS_DIR; };
		B62F686B1DE53F730060FED8 /* main.m */ = {isa = PBXFileReference; lastKnownFileType = sourcecode.c.objc; path = main.m; sourceTree = "<group>"; };
		B62F686D1DE53F730060FED8 /* AppDelegate.h */ = {isa = PBXFileReference; lastKnownFileType = sourcecode.c.h; path = AppDelegate.h; sourceTree = "<group>"; };
		B62F686E1DE53F730060FED8 /* AppDelegate.m */ = {isa = PBXFileReference; lastKnownFileType = sourcecode.c.objc; path = AppDelegate.m; sourceTree = "<group>"; };
		B62F68701DE53F730060FED8 /* ViewController.h */ = {isa = PBXFileReference; lastKnownFileType = sourcecode.c.h; path = ViewController.h; sourceTree = "<group>"; };
		B62F68711DE53F730060FED8 /* ViewController.m */ = {isa = PBXFileReference; lastKnownFileType = sourcecode.c.objc; path = ViewController.m; sourceTree = "<group>"; };
		B62F68741DE53F730060FED8 /* Base */ = {isa = PBXFileReference; lastKnownFileType = file.storyboard; name = Base; path = Base.lproj/Main.storyboard; sourceTree = "<group>"; };
		B62F68761DE53F730060FED8 /* Assets.xcassets */ = {isa = PBXFileReference; lastKnownFileType = folder.assetcatalog; path = Assets.xcassets; sourceTree = "<group>"; };
		B62F68791DE53F730060FED8 /* Base */ = {isa = PBXFileReference; lastKnownFileType = file.storyboard; name = Base; path = Base.lproj/LaunchScreen.storyboard; sourceTree = "<group>"; };
		B62F687B1DE53F730060FED8 /* Info.plist */ = {isa = PBXFileReference; lastKnownFileType = text.plist.xml; path = Info.plist; sourceTree = "<group>"; };
		B62F68811DE541810060FED8 /* MapKit.framework */ = {isa = PBXFileReference; lastKnownFileType = wrapper.framework; name = MapKit.framework; path = System/Library/Frameworks/MapKit.framework; sourceTree = SDKROOT; };
		B66EF0B81E03862600236C3C /* iOS-switch-map-swift.app */ = {isa = PBXFileReference; explicitFileType = wrapper.application; includeInIndex = 0; path = "iOS-switch-map-swift.app"; sourceTree = BUILT_PRODUCTS_DIR; };
		B66EF0BA1E03862600236C3C /* AppDelegate.swift */ = {isa = PBXFileReference; lastKnownFileType = sourcecode.swift; path = AppDelegate.swift; sourceTree = "<group>"; };
		B66EF0BC1E03862600236C3C /* ViewController.swift */ = {isa = PBXFileReference; lastKnownFileType = sourcecode.swift; path = ViewController.swift; sourceTree = "<group>"; };
		B66EF0BF1E03862600236C3C /* Base */ = {isa = PBXFileReference; lastKnownFileType = file.storyboard; name = Base; path = Base.lproj/Main.storyboard; sourceTree = "<group>"; };
		B66EF0C11E03862600236C3C /* Assets.xcassets */ = {isa = PBXFileReference; lastKnownFileType = folder.assetcatalog; path = Assets.xcassets; sourceTree = "<group>"; };
		B66EF0C41E03862600236C3C /* Base */ = {isa = PBXFileReference; lastKnownFileType = file.storyboard; name = Base; path = Base.lproj/LaunchScreen.storyboard; sourceTree = "<group>"; };
		B66EF0C61E03862600236C3C /* Info.plist */ = {isa = PBXFileReference; lastKnownFileType = text.plist.xml; path = Info.plist; sourceTree = "<group>"; };
		B66EF0CA1E0386DA00236C3C /* objcBridge.h */ = {isa = PBXFileReference; fileEncoding = 4; lastKnownFileType = sourcecode.c.h; path = objcBridge.h; sourceTree = "<group>"; };
		D99D749A1E2E116A000D48AE /* MAMapUITestHelper.h */ = {isa = PBXFileReference; fileEncoding = 4; lastKnownFileType = sourcecode.c.h; path = MAMapUITestHelper.h; sourceTree = "<group>"; };
		D99D749B1E2E116A000D48AE /* MAMapUITestHelper.m */ = {isa = PBXFileReference; fileEncoding = 4; lastKnownFileType = sourcecode.c.objc; path = MAMapUITestHelper.m; sourceTree = "<group>"; };
		D9F65C0D1E2E0D41002BBD5C /* iOS-switch-mapUITests.xctest */ = {isa = PBXFileReference; explicitFileType = wrapper.cfbundle; includeInIndex = 0; path = "iOS-switch-mapUITests.xctest"; sourceTree = BUILT_PRODUCTS_DIR; };
		D9F65C0F1E2E0D41002BBD5C /* iOS_switch_mapUITests.m */ = {isa = PBXFileReference; lastKnownFileType = sourcecode.c.objc; path = iOS_switch_mapUITests.m; sourceTree = "<group>"; };
		D9F65C111E2E0D41002BBD5C /* Info.plist */ = {isa = PBXFileReference; lastKnownFileType = text.plist.xml; path = Info.plist; sourceTree = "<group>"; };
/* End PBXFileReference section */

/* Begin PBXFrameworksBuildPhase section */
		B62F68641DE53F730060FED8 /* Frameworks */ = {
			isa = PBXFrameworksBuildPhase;
			buildActionMask = 2147483647;
			files = (
				B62F68821DE541820060FED8 /* MapKit.framework in Frameworks */,
				1F26FFFEF961895E0BFFDC80 /* libPods-iOS-switch-map.a in Frameworks */,
			);
			runOnlyForDeploymentPostprocessing = 0;
		};
		B66EF0B51E03862600236C3C /* Frameworks */ = {
			isa = PBXFrameworksBuildPhase;
			buildActionMask = 2147483647;
			files = (
				55206E454A1506D52E5144CE /* libPods-iOS-switch-map-swift.a in Frameworks */,
			);
			runOnlyForDeploymentPostprocessing = 0;
		};
		D9F65C0A1E2E0D41002BBD5C /* Frameworks */ = {
			isa = PBXFrameworksBuildPhase;
			buildActionMask = 2147483647;
			files = (
			);
			runOnlyForDeploymentPostprocessing = 0;
		};
/* End PBXFrameworksBuildPhase section */

/* Begin PBXGroup section */
		71442AB139D2BBD9D30E6564 /* Frameworks */ = {
			isa = PBXGroup;
			children = (
				B62F68811DE541810060FED8 /* MapKit.framework */,
				493C93C09C65B48EFBCF950A /* libPods-iOS-switch-map.a */,
				30C0DA1A9A82BBCC6AB64E6B /* libPods-iOS-switch-map-swift.a */,
			);
			name = Frameworks;
			sourceTree = "<group>";
		};
		B62F685E1DE53F730060FED8 = {
			isa = PBXGroup;
			children = (
				B62F68691DE53F730060FED8 /* iOS-switch-map */,
				B66EF0B91E03862600236C3C /* iOS-switch-map-swift */,
				D9F65C0E1E2E0D41002BBD5C /* iOS-switch-mapUITests */,
				B62F68681DE53F730060FED8 /* Products */,
				C6752B87C945F07D15AD085A /* Pods */,
				71442AB139D2BBD9D30E6564 /* Frameworks */,
			);
			sourceTree = "<group>";
		};
		B62F68681DE53F730060FED8 /* Products */ = {
			isa = PBXGroup;
			children = (
				B62F68671DE53F730060FED8 /* iOS-switch-map.app */,
				B66EF0B81E03862600236C3C /* iOS-switch-map-swift.app */,
				D9F65C0D1E2E0D41002BBD5C /* iOS-switch-mapUITests.xctest */,
			);
			name = Products;
			sourceTree = "<group>";
		};
		B62F68691DE53F730060FED8 /* iOS-switch-map */ = {
			isa = PBXGroup;
			children = (
				B62F686D1DE53F730060FED8 /* AppDelegate.h */,
				B62F686E1DE53F730060FED8 /* AppDelegate.m */,
				B62F68701DE53F730060FED8 /* ViewController.h */,
				B62F68711DE53F730060FED8 /* ViewController.m */,
				B62F68731DE53F730060FED8 /* Main.storyboard */,
				B62F68761DE53F730060FED8 /* Assets.xcassets */,
				B62F68781DE53F730060FED8 /* LaunchScreen.storyboard */,
				B62F687B1DE53F730060FED8 /* Info.plist */,
				B62F686A1DE53F730060FED8 /* Supporting Files */,
			);
			path = "iOS-switch-map";
			sourceTree = "<group>";
		};
		B62F686A1DE53F730060FED8 /* Supporting Files */ = {
			isa = PBXGroup;
			children = (
				B62F686B1DE53F730060FED8 /* main.m */,
			);
			name = "Supporting Files";
			sourceTree = "<group>";
		};
		B66EF0B91E03862600236C3C /* iOS-switch-map-swift */ = {
			isa = PBXGroup;
			children = (
				B66EF0BA1E03862600236C3C /* AppDelegate.swift */,
				B66EF0BC1E03862600236C3C /* ViewController.swift */,
				B66EF0BE1E03862600236C3C /* Main.storyboard */,
				B66EF0C11E03862600236C3C /* Assets.xcassets */,
				B66EF0C31E03862600236C3C /* LaunchScreen.storyboard */,
				B66EF0C61E03862600236C3C /* Info.plist */,
				B66EF0CA1E0386DA00236C3C /* objcBridge.h */,
			);
			path = "iOS-switch-map-swift";
			sourceTree = "<group>";
		};
		C6752B87C945F07D15AD085A /* Pods */ = {
			isa = PBXGroup;
			children = (
				5A0A201C3B5267618DAFC650 /* Pods-iOS-switch-map.debug.xcconfig */,
				2614F920741619B2E5326C2C /* Pods-iOS-switch-map.release.xcconfig */,
				177A0B2F1C0D6D4D5C03D79C /* Pods-iOS-switch-map-swift.debug.xcconfig */,
				3F76DA15776A140AEC18667A /* Pods-iOS-switch-map-swift.release.xcconfig */,
			);
			name = Pods;
			sourceTree = "<group>";
		};
		D9F65C0E1E2E0D41002BBD5C /* iOS-switch-mapUITests */ = {
			isa = PBXGroup;
			children = (
				D9F65C0F1E2E0D41002BBD5C /* iOS_switch_mapUITests.m */,
				D99D749A1E2E116A000D48AE /* MAMapUITestHelper.h */,
				D99D749B1E2E116A000D48AE /* MAMapUITestHelper.m */,
				D9F65C111E2E0D41002BBD5C /* Info.plist */,
			);
			path = "iOS-switch-mapUITests";
			sourceTree = "<group>";
		};
/* End PBXGroup section */

/* Begin PBXNativeTarget section */
		B62F68661DE53F730060FED8 /* iOS-switch-map */ = {
			isa = PBXNativeTarget;
			buildConfigurationList = B62F687E1DE53F730060FED8 /* Build configuration list for PBXNativeTarget "iOS-switch-map" */;
			buildPhases = (
				D6E6C3EE7DB1ED6288D6088F /* [CP] Check Pods Manifest.lock */,
				B62F68631DE53F730060FED8 /* Sources */,
				B62F68641DE53F730060FED8 /* Frameworks */,
				B62F68651DE53F730060FED8 /* Resources */,
				21F15C67B6F124FB1079FCAA /* [CP] Embed Pods Frameworks */,
				E9055DB29727EDED61C429B4 /* [CP] Copy Pods Resources */,
			);
			buildRules = (
			);
			dependencies = (
			);
			name = "iOS-switch-map";
			productName = "iOS-switch-map";
			productReference = B62F68671DE53F730060FED8 /* iOS-switch-map.app */;
			productType = "com.apple.product-type.application";
		};
		B66EF0B71E03862600236C3C /* iOS-switch-map-swift */ = {
			isa = PBXNativeTarget;
			buildConfigurationList = B66EF0C91E03862600236C3C /* Build configuration list for PBXNativeTarget "iOS-switch-map-swift" */;
			buildPhases = (
				02FE0076AAB2DE66CF3AF332 /* [CP] Check Pods Manifest.lock */,
				B66EF0B41E03862600236C3C /* Sources */,
				B66EF0B51E03862600236C3C /* Frameworks */,
				B66EF0B61E03862600236C3C /* Resources */,
				31A0B686E468A33A308F62DB /* [CP] Embed Pods Frameworks */,
				49EACEB2C69F361930A29BE8 /* [CP] Copy Pods Resources */,
			);
			buildRules = (
			);
			dependencies = (
			);
			name = "iOS-switch-map-swift";
			productName = "iOS-switch-map-swift";
			productReference = B66EF0B81E03862600236C3C /* iOS-switch-map-swift.app */;
			productType = "com.apple.product-type.application";
		};
		D9F65C0C1E2E0D41002BBD5C /* iOS-switch-mapUITests */ = {
			isa = PBXNativeTarget;
			buildConfigurationList = D9F65C161E2E0D41002BBD5C /* Build configuration list for PBXNativeTarget "iOS-switch-mapUITests" */;
			buildPhases = (
				D9F65C091E2E0D41002BBD5C /* Sources */,
				D9F65C0A1E2E0D41002BBD5C /* Frameworks */,
				D9F65C0B1E2E0D41002BBD5C /* Resources */,
			);
			buildRules = (
			);
			dependencies = (
				D9F65C131E2E0D41002BBD5C /* PBXTargetDependency */,
			);
			name = "iOS-switch-mapUITests";
			productName = "iOS-switch-mapUITests";
			productReference = D9F65C0D1E2E0D41002BBD5C /* iOS-switch-mapUITests.xctest */;
			productType = "com.apple.product-type.bundle.ui-testing";
		};
/* End PBXNativeTarget section */

/* Begin PBXProject section */
		B62F685F1DE53F730060FED8 /* Project object */ = {
			isa = PBXProject;
			attributes = {
				LastSwiftUpdateCheck = 0810;
				LastUpgradeCheck = 0900;
				ORGANIZATIONNAME = autonavi;
				TargetAttributes = {
					B62F68661DE53F730060FED8 = {
						CreatedOnToolsVersion = 8.1;
						DevelopmentTeam = YMJ372W38W;
						ProvisioningStyle = Manual;
						SystemCapabilities = {
							com.apple.Maps.iOS = {
								enabled = 1;
							};
						};
					};
					B66EF0B71E03862600236C3C = {
						CreatedOnToolsVersion = 8.1;
						DevelopmentTeam = YMJ372W38W;
						ProvisioningStyle = Manual;
					};
					D9F65C0C1E2E0D41002BBD5C = {
						CreatedOnToolsVersion = 8.2;
						DevelopmentTeam = YMJ372W38W;
						ProvisioningStyle = Manual;
						TestTargetID = B62F68661DE53F730060FED8;
					};
				};
			};
			buildConfigurationList = B62F68621DE53F730060FED8 /* Build configuration list for PBXProject "iOS-switch-map" */;
			compatibilityVersion = "Xcode 3.2";
			developmentRegion = English;
			hasScannedForEncodings = 0;
			knownRegions = (
				en,
				Base,
			);
			mainGroup = B62F685E1DE53F730060FED8;
			productRefGroup = B62F68681DE53F730060FED8 /* Products */;
			projectDirPath = "";
			projectRoot = "";
			targets = (
				B62F68661DE53F730060FED8 /* iOS-switch-map */,
				B66EF0B71E03862600236C3C /* iOS-switch-map-swift */,
				D9F65C0C1E2E0D41002BBD5C /* iOS-switch-mapUITests */,
			);
		};
/* End PBXProject section */

/* Begin PBXResourcesBuildPhase section */
		B62F68651DE53F730060FED8 /* Resources */ = {
			isa = PBXResourcesBuildPhase;
			buildActionMask = 2147483647;
			files = (
				B62F687A1DE53F730060FED8 /* LaunchScreen.storyboard in Resources */,
				B62F68771DE53F730060FED8 /* Assets.xcassets in Resources */,
				B62F68751DE53F730060FED8 /* Main.storyboard in Resources */,
			);
			runOnlyForDeploymentPostprocessing = 0;
		};
		B66EF0B61E03862600236C3C /* Resources */ = {
			isa = PBXResourcesBuildPhase;
			buildActionMask = 2147483647;
			files = (
				B66EF0C51E03862600236C3C /* LaunchScreen.storyboard in Resources */,
				B66EF0C21E03862600236C3C /* Assets.xcassets in Resources */,
				B66EF0C01E03862600236C3C /* Main.storyboard in Resources */,
			);
			runOnlyForDeploymentPostprocessing = 0;
		};
		D9F65C0B1E2E0D41002BBD5C /* Resources */ = {
			isa = PBXResourcesBuildPhase;
			buildActionMask = 2147483647;
			files = (
			);
			runOnlyForDeploymentPostprocessing = 0;
		};
/* End PBXResourcesBuildPhase section */

/* Begin PBXShellScriptBuildPhase section */
		02FE0076AAB2DE66CF3AF332 /* [CP] Check Pods Manifest.lock */ = {
			isa = PBXShellScriptBuildPhase;
			buildActionMask = 2147483647;
			files = (
			);
			inputPaths = (
				"${PODS_PODFILE_DIR_PATH}/Podfile.lock",
				"${PODS_ROOT}/Manifest.lock",
			);
			name = "[CP] Check Pods Manifest.lock";
			outputPaths = (
				"$(DERIVED_FILE_DIR)/Pods-iOS-switch-map-swift-checkManifestLockResult.txt",
			);
			runOnlyForDeploymentPostprocessing = 0;
			shellPath = /bin/sh;
			shellScript = "diff \"${PODS_PODFILE_DIR_PATH}/Podfile.lock\" \"${PODS_ROOT}/Manifest.lock\" > /dev/null\nif [ $? != 0 ] ; then\n    # print error to STDERR\n    echo \"error: The sandbox is not in sync with the Podfile.lock. Run 'pod install' or update your CocoaPods installation.\" >&2\n    exit 1\nfi\n# This output is used by Xcode 'outputs' to avoid re-running this script phase.\necho \"SUCCESS\" > \"${SCRIPT_OUTPUT_FILE_0}\"\n";
			showEnvVarsInLog = 0;
		};
		21F15C67B6F124FB1079FCAA /* [CP] Embed Pods Frameworks */ = {
			isa = PBXShellScriptBuildPhase;
			buildActionMask = 2147483647;
			files = (
			);
			inputPaths = (
			);
			name = "[CP] Embed Pods Frameworks";
			outputPaths = (
			);
			runOnlyForDeploymentPostprocessing = 0;
			shellPath = /bin/sh;
			shellScript = "\"${SRCROOT}/Pods/Target Support Files/Pods-iOS-switch-map/Pods-iOS-switch-map-frameworks.sh\"\n";
			showEnvVarsInLog = 0;
		};
		31A0B686E468A33A308F62DB /* [CP] Embed Pods Frameworks */ = {
			isa = PBXShellScriptBuildPhase;
			buildActionMask = 2147483647;
			files = (
			);
			inputPaths = (
			);
			name = "[CP] Embed Pods Frameworks";
			outputPaths = (
			);
			runOnlyForDeploymentPostprocessing = 0;
			shellPath = /bin/sh;
			shellScript = "\"${SRCROOT}/Pods/Target Support Files/Pods-iOS-switch-map-swift/Pods-iOS-switch-map-swift-frameworks.sh\"\n";
			showEnvVarsInLog = 0;
		};
		49EACEB2C69F361930A29BE8 /* [CP] Copy Pods Resources */ = {
			isa = PBXShellScriptBuildPhase;
			buildActionMask = 2147483647;
			files = (
			);
			inputPaths = (
				"${SRCROOT}/Pods/Target Support Files/Pods-iOS-switch-map-swift/Pods-iOS-switch-map-swift-resources.sh",
				"${PODS_ROOT}/AMap3DMap/MAMapKit.framework/AMap.bundle",
			);
			name = "[CP] Copy Pods Resources";
			outputPaths = (
				"${TARGET_BUILD_DIR}/${UNLOCALIZED_RESOURCES_FOLDER_PATH}",
			);
			runOnlyForDeploymentPostprocessing = 0;
			shellPath = /bin/sh;
			shellScript = "\"${SRCROOT}/Pods/Target Support Files/Pods-iOS-switch-map-swift/Pods-iOS-switch-map-swift-resources.sh\"\n";
			showEnvVarsInLog = 0;
		};
		D6E6C3EE7DB1ED6288D6088F /* [CP] Check Pods Manifest.lock */ = {
			isa = PBXShellScriptBuildPhase;
			buildActionMask = 2147483647;
			files = (
			);
			inputPaths = (
				"${PODS_PODFILE_DIR_PATH}/Podfile.lock",
				"${PODS_ROOT}/Manifest.lock",
			);
			name = "[CP] Check Pods Manifest.lock";
			outputPaths = (
				"$(DERIVED_FILE_DIR)/Pods-iOS-switch-map-checkManifestLockResult.txt",
			);
			runOnlyForDeploymentPostprocessing = 0;
			shellPath = /bin/sh;
			shellScript = "diff \"${PODS_PODFILE_DIR_PATH}/Podfile.lock\" \"${PODS_ROOT}/Manifest.lock\" > /dev/null\nif [ $? != 0 ] ; then\n    # print error to STDERR\n    echo \"error: The sandbox is not in sync with the Podfile.lock. Run 'pod install' or update your CocoaPods installation.\" >&2\n    exit 1\nfi\n# This output is used by Xcode 'outputs' to avoid re-running this script phase.\necho \"SUCCESS\" > \"${SCRIPT_OUTPUT_FILE_0}\"\n";
			showEnvVarsInLog = 0;
		};
		E9055DB29727EDED61C429B4 /* [CP] Copy Pods Resources */ = {
			isa = PBXShellScriptBuildPhase;
			buildActionMask = 2147483647;
			files = (
			);
			inputPaths = (
				"${SRCROOT}/Pods/Target Support Files/Pods-iOS-switch-map/Pods-iOS-switch-map-resources.sh",
				"${PODS_ROOT}/AMap3DMap/MAMapKit.framework/AMap.bundle",
			);
			name = "[CP] Copy Pods Resources";
			outputPaths = (
				"${TARGET_BUILD_DIR}/${UNLOCALIZED_RESOURCES_FOLDER_PATH}",
			);
			runOnlyForDeploymentPostprocessing = 0;
			shellPath = /bin/sh;
			shellScript = "\"${SRCROOT}/Pods/Target Support Files/Pods-iOS-switch-map/Pods-iOS-switch-map-resources.sh\"\n";
			showEnvVarsInLog = 0;
		};
/* End PBXShellScriptBuildPhase section */

/* Begin PBXSourcesBuildPhase section */
		B62F68631DE53F730060FED8 /* Sources */ = {
			isa = PBXSourcesBuildPhase;
			buildActionMask = 2147483647;
			files = (
				B62F68721DE53F730060FED8 /* ViewController.m in Sources */,
				B62F686F1DE53F730060FED8 /* AppDelegate.m in Sources */,
				B62F686C1DE53F730060FED8 /* main.m in Sources */,
			);
			runOnlyForDeploymentPostprocessing = 0;
		};
		B66EF0B41E03862600236C3C /* Sources */ = {
			isa = PBXSourcesBuildPhase;
			buildActionMask = 2147483647;
			files = (
				B66EF0BD1E03862600236C3C /* ViewController.swift in Sources */,
				B66EF0BB1E03862600236C3C /* AppDelegate.swift in Sources */,
			);
			runOnlyForDeploymentPostprocessing = 0;
		};
		D9F65C091E2E0D41002BBD5C /* Sources */ = {
			isa = PBXSourcesBuildPhase;
			buildActionMask = 2147483647;
			files = (
				D99D749C1E2E116A000D48AE /* MAMapUITestHelper.m in Sources */,
				D9F65C101E2E0D41002BBD5C /* iOS_switch_mapUITests.m in Sources */,
			);
			runOnlyForDeploymentPostprocessing = 0;
		};
/* End PBXSourcesBuildPhase section */

/* Begin PBXTargetDependency section */
		D9F65C131E2E0D41002BBD5C /* PBXTargetDependency */ = {
			isa = PBXTargetDependency;
			target = B62F68661DE53F730060FED8 /* iOS-switch-map */;
			targetProxy = D9F65C121E2E0D41002BBD5C /* PBXContainerItemProxy */;
		};
/* End PBXTargetDependency section */

/* Begin PBXVariantGroup section */
		B62F68731DE53F730060FED8 /* Main.storyboard */ = {
			isa = PBXVariantGroup;
			children = (
				B62F68741DE53F730060FED8 /* Base */,
			);
			name = Main.storyboard;
			sourceTree = "<group>";
		};
		B62F68781DE53F730060FED8 /* LaunchScreen.storyboard */ = {
			isa = PBXVariantGroup;
			children = (
				B62F68791DE53F730060FED8 /* Base */,
			);
			name = LaunchScreen.storyboard;
			sourceTree = "<group>";
		};
		B66EF0BE1E03862600236C3C /* Main.storyboard */ = {
			isa = PBXVariantGroup;
			children = (
				B66EF0BF1E03862600236C3C /* Base */,
			);
			name = Main.storyboard;
			sourceTree = "<group>";
		};
		B66EF0C31E03862600236C3C /* LaunchScreen.storyboard */ = {
			isa = PBXVariantGroup;
			children = (
				B66EF0C41E03862600236C3C /* Base */,
			);
			name = LaunchScreen.storyboard;
			sourceTree = "<group>";
		};
/* End PBXVariantGroup section */

/* Begin XCBuildConfiguration section */
		B62F687C1DE53F730060FED8 /* Debug */ = {
			isa = XCBuildConfiguration;
			buildSettings = {
				ALWAYS_SEARCH_USER_PATHS = NO;
				CLANG_ANALYZER_NONNULL = YES;
				CLANG_CXX_LANGUAGE_STANDARD = "gnu++0x";
				CLANG_CXX_LIBRARY = "libc++";
				CLANG_ENABLE_MODULES = YES;
				CLANG_ENABLE_OBJC_ARC = YES;
				CLANG_WARN_BOOL_CONVERSION = YES;
				CLANG_WARN_CONSTANT_CONVERSION = YES;
				CLANG_WARN_DIRECT_OBJC_ISA_USAGE = YES_ERROR;
				CLANG_WARN_DOCUMENTATION_COMMENTS = YES;
				CLANG_WARN_EMPTY_BODY = YES;
				CLANG_WARN_ENUM_CONVERSION = YES;
				CLANG_WARN_INFINITE_RECURSION = YES;
				CLANG_WARN_INT_CONVERSION = YES;
				CLANG_WARN_OBJC_ROOT_CLASS = YES_ERROR;
				CLANG_WARN_SUSPICIOUS_MOVES = YES;
				CLANG_WARN_UNREACHABLE_CODE = YES;
				CLANG_WARN__DUPLICATE_METHOD_MATCH = YES;
				"CODE_SIGN_IDENTITY[sdk=iphoneos*]" = "iPhone Developer";
				COPY_PHASE_STRIP = NO;
				DEBUG_INFORMATION_FORMAT = dwarf;
				ENABLE_STRICT_OBJC_MSGSEND = YES;
				ENABLE_TESTABILITY = YES;
				GCC_C_LANGUAGE_STANDARD = gnu99;
				GCC_DYNAMIC_NO_PIC = NO;
				GCC_NO_COMMON_BLOCKS = YES;
				GCC_OPTIMIZATION_LEVEL = 0;
				GCC_PREPROCESSOR_DEFINITIONS = (
					"DEBUG=1",
					"$(inherited)",
				);
				GCC_WARN_64_TO_32_BIT_CONVERSION = YES;
				GCC_WARN_ABOUT_RETURN_TYPE = YES_ERROR;
				GCC_WARN_UNDECLARED_SELECTOR = YES;
				GCC_WARN_UNINITIALIZED_AUTOS = YES_AGGRESSIVE;
				GCC_WARN_UNUSED_FUNCTION = YES;
				GCC_WARN_UNUSED_VARIABLE = YES;
				IPHONEOS_DEPLOYMENT_TARGET = 8.0;
				MTL_ENABLE_DEBUG_INFO = YES;
				ONLY_ACTIVE_ARCH = YES;
				SDKROOT = iphoneos;
				TARGETED_DEVICE_FAMILY = "1,2";
			};
			name = Debug;
		};
		B62F687D1DE53F730060FED8 /* Release */ = {
			isa = XCBuildConfiguration;
			buildSettings = {
				ALWAYS_SEARCH_USER_PATHS = NO;
				CLANG_ANALYZER_NONNULL = YES;
				CLANG_CXX_LANGUAGE_STANDARD = "gnu++0x";
				CLANG_CXX_LIBRARY = "libc++";
				CLANG_ENABLE_MODULES = YES;
				CLANG_ENABLE_OBJC_ARC = YES;
				CLANG_WARN_BOOL_CONVERSION = YES;
				CLANG_WARN_CONSTANT_CONVERSION = YES;
				CLANG_WARN_DIRECT_OBJC_ISA_USAGE = YES_ERROR;
				CLANG_WARN_DOCUMENTATION_COMMENTS = YES;
				CLANG_WARN_EMPTY_BODY = YES;
				CLANG_WARN_ENUM_CONVERSION = YES;
				CLANG_WARN_INFINITE_RECURSION = YES;
				CLANG_WARN_INT_CONVERSION = YES;
				CLANG_WARN_OBJC_ROOT_CLASS = YES_ERROR;
				CLANG_WARN_SUSPICIOUS_MOVES = YES;
				CLANG_WARN_UNREACHABLE_CODE = YES;
				CLANG_WARN__DUPLICATE_METHOD_MATCH = YES;
				"CODE_SIGN_IDENTITY[sdk=iphoneos*]" = "iPhone Developer";
				COPY_PHASE_STRIP = NO;
				DEBUG_INFORMATION_FORMAT = "dwarf-with-dsym";
				ENABLE_NS_ASSERTIONS = NO;
				ENABLE_STRICT_OBJC_MSGSEND = YES;
				GCC_C_LANGUAGE_STANDARD = gnu99;
				GCC_NO_COMMON_BLOCKS = YES;
				GCC_WARN_64_TO_32_BIT_CONVERSION = YES;
				GCC_WARN_ABOUT_RETURN_TYPE = YES_ERROR;
				GCC_WARN_UNDECLARED_SELECTOR = YES;
				GCC_WARN_UNINITIALIZED_AUTOS = YES_AGGRESSIVE;
				GCC_WARN_UNUSED_FUNCTION = YES;
				GCC_WARN_UNUSED_VARIABLE = YES;
				IPHONEOS_DEPLOYMENT_TARGET = 8.0;
				MTL_ENABLE_DEBUG_INFO = NO;
				SDKROOT = iphoneos;
				TARGETED_DEVICE_FAMILY = "1,2";
				VALIDATE_PRODUCT = YES;
			};
			name = Release;
		};
		B62F687F1DE53F730060FED8 /* Debug */ = {
			isa = XCBuildConfiguration;
			baseConfigurationReference = 5A0A201C3B5267618DAFC650 /* Pods-iOS-switch-map.debug.xcconfig */;
			buildSettings = {
				ASSETCATALOG_COMPILER_APPICON_NAME = AppIcon;
				"CODE_SIGN_IDENTITY[sdk=iphoneos*]" = "iPhone Developer";
				DEVELOPMENT_TEAM = YMJ372W38W;
				INFOPLIST_FILE = "iOS-switch-map/Info.plist";
				IPHONEOS_DEPLOYMENT_TARGET = 8.0;
				LD_RUNPATH_SEARCH_PATHS = "$(inherited) @executable_path/Frameworks";
				PRODUCT_BUNDLE_IDENTIFIER = "com.autonavi.iOS-switch-map";
				PRODUCT_NAME = "$(TARGET_NAME)";
				PROVISIONING_PROFILE = "d723e77c-6c92-4e6a-98d7-8717d0b88b87";
				PROVISIONING_PROFILE_SPECIFIER = openPlatform_development;
			};
			name = Debug;
		};
		B62F68801DE53F730060FED8 /* Release */ = {
			isa = XCBuildConfiguration;
			baseConfigurationReference = 2614F920741619B2E5326C2C /* Pods-iOS-switch-map.release.xcconfig */;
			buildSettings = {
				ASSETCATALOG_COMPILER_APPICON_NAME = AppIcon;
				"CODE_SIGN_IDENTITY[sdk=iphoneos*]" = "iPhone Distribution";
				DEVELOPMENT_TEAM = YMJ372W38W;
				INFOPLIST_FILE = "iOS-switch-map/Info.plist";
				IPHONEOS_DEPLOYMENT_TARGET = 8.0;
				LD_RUNPATH_SEARCH_PATHS = "$(inherited) @executable_path/Frameworks";
				PRODUCT_BUNDLE_IDENTIFIER = "com.autonavi.iOS-switch-map";
				PRODUCT_NAME = "$(TARGET_NAME)";
				PROVISIONING_PROFILE = "a892512d-fe94-4702-b716-0b66880b936d";
				PROVISIONING_PROFILE_SPECIFIER = openPlatformInhouse;
			};
			name = Release;
		};
		B66EF0C71E03862600236C3C /* Debug */ = {
			isa = XCBuildConfiguration;
			baseConfigurationReference = 177A0B2F1C0D6D4D5C03D79C /* Pods-iOS-switch-map-swift.debug.xcconfig */;
			buildSettings = {
				ASSETCATALOG_COMPILER_APPICON_NAME = AppIcon;
				DEVELOPMENT_TEAM = YMJ372W38W;
				INFOPLIST_FILE = "iOS-switch-map-swift/Info.plist";
				IPHONEOS_DEPLOYMENT_TARGET = 8.0;
				LD_RUNPATH_SEARCH_PATHS = "$(inherited) @executable_path/Frameworks";
				PRODUCT_BUNDLE_IDENTIFIER = "com.autonavi.iOS-switch-map-swift";
				PRODUCT_NAME = "$(TARGET_NAME)";
				PROVISIONING_PROFILE = "48216a7c-4edd-4f5d-9389-95ffbd3ea775";
				PROVISIONING_PROFILE_SPECIFIER = openPlatform_development;
				SWIFT_ACTIVE_COMPILATION_CONDITIONS = DEBUG;
				SWIFT_OBJC_BRIDGING_HEADER = "$(PROJECT_DIR)/iOS-switch-map-swift/objcBridge.h";
				SWIFT_OPTIMIZATION_LEVEL = "-Onone";
				SWIFT_VERSION = 3.0;
			};
			name = Debug;
		};
		B66EF0C81E03862600236C3C /* Release */ = {
			isa = XCBuildConfiguration;
			baseConfigurationReference = 3F76DA15776A140AEC18667A /* Pods-iOS-switch-map-swift.release.xcconfig */;
			buildSettings = {
				ASSETCATALOG_COMPILER_APPICON_NAME = AppIcon;
				"CODE_SIGN_IDENTITY[sdk=iphoneos*]" = "iPhone Distribution";
				DEVELOPMENT_TEAM = YMJ372W38W;
				INFOPLIST_FILE = "iOS-switch-map-swift/Info.plist";
				IPHONEOS_DEPLOYMENT_TARGET = 8.0;
				LD_RUNPATH_SEARCH_PATHS = "$(inherited) @executable_path/Frameworks";
				PRODUCT_BUNDLE_IDENTIFIER = "com.autonavi.iOS-switch-map-swift";
				PRODUCT_NAME = "$(TARGET_NAME)";
				PROVISIONING_PROFILE = "37bcbefd-c99d-44d5-a048-5ff502582130";
				PROVISIONING_PROFILE_SPECIFIER = openPlatformInhouse;
				SWIFT_OBJC_BRIDGING_HEADER = "$(PROJECT_DIR)/iOS-switch-map-swift/objcBridge.h";
				SWIFT_OPTIMIZATION_LEVEL = "-Owholemodule";
				SWIFT_VERSION = 3.0;
			};
			name = Release;
		};
		D9F65C141E2E0D41002BBD5C /* Debug */ = {
			isa = XCBuildConfiguration;
			buildSettings = {
				CLANG_WARN_SUSPICIOUS_MOVE = YES;
				DEVELOPMENT_TEAM = YMJ372W38W;
				INFOPLIST_FILE = "iOS-switch-mapUITests/Info.plist";
				IPHONEOS_DEPLOYMENT_TARGET = 10.2;
				LD_RUNPATH_SEARCH_PATHS = "$(inherited) @executable_path/Frameworks @loader_path/Frameworks";
				PRODUCT_BUNDLE_IDENTIFIER = "com.autonavi.iOS-switch-mapUITests";
				PRODUCT_NAME = "$(TARGET_NAME)";
				PROVISIONING_PROFILE = "8014ae4e-33b6-4937-87e3-3725a2aad4f7";
				PROVISIONING_PROFILE_SPECIFIER = openPlatform_development;
				TEST_TARGET_NAME = "iOS-switch-map";
			};
			name = Debug;
		};
		D9F65C151E2E0D41002BBD5C /* Release */ = {
			isa = XCBuildConfiguration;
			buildSettings = {
				CLANG_WARN_SUSPICIOUS_MOVE = YES;
				DEVELOPMENT_TEAM = YMJ372W38W;
				INFOPLIST_FILE = "iOS-switch-mapUITests/Info.plist";
				IPHONEOS_DEPLOYMENT_TARGET = 10.2;
				LD_RUNPATH_SEARCH_PATHS = "$(inherited) @executable_path/Frameworks @loader_path/Frameworks";
				PRODUCT_BUNDLE_IDENTIFIER = "com.autonavi.iOS-switch-mapUITests";
				PRODUCT_NAME = "$(TARGET_NAME)";
				PROVISIONING_PROFILE = "8014ae4e-33b6-4937-87e3-3725a2aad4f7";
				PROVISIONING_PROFILE_SPECIFIER = openPlatform_development;
				TEST_TARGET_NAME = "iOS-switch-map";
			};
			name = Release;
		};
/* End XCBuildConfiguration section */

/* Begin XCConfigurationList section */
		B62F68621DE53F730060FED8 /* Build configuration list for PBXProject "iOS-switch-map" */ = {
			isa = XCConfigurationList;
			buildConfigurations = (
				B62F687C1DE53F730060FED8 /* Debug */,
				B62F687D1DE53F730060FED8 /* Release */,
			);
			defaultConfigurationIsVisible = 0;
			defaultConfigurationName = Release;
		};
		B62F687E1DE53F730060FED8 /* Build configuration list for PBXNativeTarget "iOS-switch-map" */ = {
			isa = XCConfigurationList;
			buildConfigurations = (
				B62F687F1DE53F730060FED8 /* Debug */,
				B62F68801DE53F730060FED8 /* Release */,
			);
			defaultConfigurationIsVisible = 0;
			defaultConfigurationName = Release;
		};
		B66EF0C91E03862600236C3C /* Build configuration list for PBXNativeTarget "iOS-switch-map-swift" */ = {
			isa = XCConfigurationList;
			buildConfigurations = (
				B66EF0C71E03862600236C3C /* Debug */,
				B66EF0C81E03862600236C3C /* Release */,
			);
			defaultConfigurationIsVisible = 0;
			defaultConfigurationName = Release;
		};
		D9F65C161E2E0D41002BBD5C /* Build configuration list for PBXNativeTarget "iOS-switch-mapUITests" */ = {
			isa = XCConfigurationList;
			buildConfigurations = (
				D9F65C141E2E0D41002BBD5C /* Debug */,
				D9F65C151E2E0D41002BBD5C /* Release */,
			);
			defaultConfigurationIsVisible = 0;
			defaultConfigurationName = Release;
		};
/* End XCConfigurationList section */
	};
	rootObject = B62F685F1DE53F730060FED8 /* Project object */;
}
